PODS:
  - Alamofire (4.7.2)
  - ChameleonFramework/Default (2.1.0)
  - ChameleonFramework/Swift (2.1.0):
    - ChameleonFramework/Default
  - Firebase/Core (4.13.0):
    - FirebaseAnalytics (= 4.2.0)
    - FirebaseCore (= 4.0.20)
  - Firebase/Database (4.13.0):
    - Firebase/Core
    - FirebaseDatabase (= 4.1.5)
  - Firebase/Storage (4.13.0):
    - Firebase/Core
    - FirebaseStorage (= 2.2.0)
  - FirebaseAnalytics (4.2.0):
    - FirebaseCore (~> 4.0)
    - FirebaseInstanceID (~> 2.0)
    - "GoogleToolboxForMac/NSData+zlib (~> 2.1)"
    - nanopb (~> 0.3)
  - FirebaseCore (4.0.20):
    - "GoogleToolboxForMac/NSData+zlib (~> 2.1)"
  - FirebaseDatabase (4.1.5):
    - FirebaseAnalytics (~> 4.1)
    - FirebaseCore (~> 4.0)
    - leveldb-library (~> 1.18)
  - FirebaseInstanceID (2.0.10):
    - FirebaseCore (~> 4.0)
  - FirebaseStorage (2.2.0):
    - FirebaseAnalytics (~> 4.1)
    - FirebaseCore (~> 4.0)
    - GTMSessionFetcher/Core (~> 1.1)
  - GoogleToolboxForMac/Defines (2.1.4)
  - "GoogleToolboxForMac/NSData+zlib (2.1.4)":
    - GoogleToolboxForMac/Defines (= 2.1.4)
  - GTMSessionFetcher/Core (1.1.15)
  - Kingfisher (4.6.4)
  - leveldb-library (1.20)
  - MapViewPlus (0.1.2):
    - Kingfisher (~> 4.6.3)
  - nanopb (0.3.8):
    - nanopb/decode (= 0.3.8)
    - nanopb/encode (= 0.3.8)
  - nanopb/decode (0.3.8)
  - nanopb/encode (0.3.8)
  - SVProgressHUD (2.2.5)
  - SwiftDate (4.5.1)
  - SwiftyJSON (4.1.0)

DEPENDENCIES:
  - Alamofire
  - ChameleonFramework/Swift (from `https://github.com/ViccAlexander/Chameleon.git`)
  - Firebase/Core
  - Firebase/Database
  - Firebase/Storage
  - MapViewPlus
  - SVProgressHUD
  - SwiftDate (~> 4.5.1)
  - SwiftyJSON

SPEC REPOS:
  https://github.com/CocoaPods/Specs.git:
    - Alamofire
    - Firebase
    - FirebaseAnalytics
    - FirebaseCore
    - FirebaseDatabase
    - FirebaseInstanceID
    - FirebaseStorage
    - GoogleToolboxForMac
    - GTMSessionFetcher
    - Kingfisher
    - leveldb-library
    - MapViewPlus
    - nanopb
    - SVProgressHUD
    - SwiftDate
    - SwiftyJSON

EXTERNAL SOURCES:
  ChameleonFramework:
    :git: https://github.com/ViccAlexander/Chameleon.git

CHECKOUT OPTIONS:
  ChameleonFramework:
    :commit: 6dd284bde21ea2e7f9fd89bc36f40df16e16369d
    :git: https://github.com/ViccAlexander/Chameleon.git

SPEC CHECKSUMS:
  Alamofire: e4fa87002c137ba2d8d634d2c51fabcda0d5c223
  ChameleonFramework: d21a3cc247abfe5e37609a283a8238b03575cf64
  Firebase: 5ec5e863d269d82d66b4bf56856726f8fb8f0fb3
  FirebaseAnalytics: 7ef69e76a5142f643aeb47c780e1cdce4e23632e
  FirebaseCore: 90cb1c53d69b556f112a1bf72b5fcfaad7650790
  FirebaseDatabase: 5f0bc6134c5c237cf55f9e1249d406770a75eafd
  FirebaseInstanceID: 8d20d890d65c917f9f7d9950b6e10a760ad34321
  FirebaseStorage: 0c223481c8f89ed300cf1239ddd2d9833622c65f
  GoogleToolboxForMac: 91c824d21e85b31c2aae9bb011c5027c9b4e738f
  GTMSessionFetcher: 5fa5b80fd20e439ef5f545fb2cb3ca6c6714caa2
  Kingfisher: 68498a706e46c2a050b0c9572f100e5db407f6e0
  leveldb-library: 08cba283675b7ed2d99629a4bc5fd052cd2bb6a5
  MapViewPlus: 4e448279f98297f007cb16904a244a525b3c9d5e
  nanopb: 5601e6bca2dbf1ed831b519092ec110f66982ca3
  SVProgressHUD: 1428aafac632c1f86f62aa4243ec12008d7a51d6
  SwiftDate: 7b56d42a221f582047287deb256b23fc5ed49a60
  SwiftyJSON: c29297daf073d2aa016295d5809cdd68045c39b3

PODFILE CHECKSUM: b79c69e26fc41e41616c2afb1b4aa09a4a0081e1

COCOAPODS: 1.5.0
