// !$*UTF8*$!
{
	archiveVersion = 1;
	classes = {
	};
	objectVersion = 50;
	objects = {

/* Begin PBXBuildFile section */
		0406C7B8879BEC302D23C137 /* Pods_FitPalsTests.framework in Frameworks */ = {isa = PBXBuildFile; fileRef = E2F1D484409F20666FBF3B68 /* Pods_FitPalsTests.framework */; };
		20C2C425209A602600FBE88E /* ProfileTableViewCell.swift in Sources */ = {isa = PBXBuildFile; fileRef = 20C2C423209A602600FBE88E /* ProfileTableViewCell.swift */; };
		20C2C426209A602600FBE88E /* ProfileTableViewCell.xib in Resources */ = {isa = PBXBuildFile; fileRef = 20C2C424209A602600FBE88E /* ProfileTableViewCell.xib */; };
		20C2C429209A62DD00FBE88E /* AboutTableViewCell.swift in Sources */ = {isa = PBXBuildFile; fileRef = 20C2C427209A62DD00FBE88E /* AboutTableViewCell.swift */; };
		20C2C42A209A62DD00FBE88E /* AboutTableViewCell.xib in Resources */ = {isa = PBXBuildFile; fileRef = 20C2C428209A62DD00FBE88E /* AboutTableViewCell.xib */; };
		725FD391208152D8001F0337 /* AppDelegate.swift in Sources */ = {isa = PBXBuildFile; fileRef = 725FD390208152D8001F0337 /* AppDelegate.swift */; };
		725FD396208152D8001F0337 /* Main.storyboard in Resources */ = {isa = PBXBuildFile; fileRef = 725FD394208152D8001F0337 /* Main.storyboard */; };
		725FD398208152DB001F0337 /* Assets.xcassets in Resources */ = {isa = PBXBuildFile; fileRef = 725FD397208152DB001F0337 /* Assets.xcassets */; };
		725FD39B208152DB001F0337 /* LaunchScreen.storyboard in Resources */ = {isa = PBXBuildFile; fileRef = 725FD399208152DB001F0337 /* LaunchScreen.storyboard */; };
		725FD3A6208152DB001F0337 /* FitPalsTests.swift in Sources */ = {isa = PBXBuildFile; fileRef = 725FD3A5208152DB001F0337 /* FitPalsTests.swift */; };
		725FD3B1208152DB001F0337 /* FitPalsUITests.swift in Sources */ = {isa = PBXBuildFile; fileRef = 725FD3B0208152DB001F0337 /* FitPalsUITests.swift */; };
		72659B38209CDCD30057C3B0 /* PostTableViewCell.swift in Sources */ = {isa = PBXBuildFile; fileRef = 72659B36209CDCD30057C3B0 /* PostTableViewCell.swift */; };
		72659B39209CDCD30057C3B0 /* PostTableViewCell.xib in Resources */ = {isa = PBXBuildFile; fileRef = 72659B37209CDCD30057C3B0 /* PostTableViewCell.xib */; };
		72659B3B209CE3600057C3B0 /* Credits.txt in Resources */ = {isa = PBXBuildFile; fileRef = 72659B3A209CE3600057C3B0 /* Credits.txt */; };
		72E122E3209D34FE00060AB8 /* TestUserSingleton.swift in Sources */ = {isa = PBXBuildFile; fileRef = 72E122E2209D34FE00060AB8 /* TestUserSingleton.swift */; };
		72FE2F62208F98E300EC0064 /* ProfileTableViewController.swift in Sources */ = {isa = PBXBuildFile; fileRef = 72FE2F61208F98E300EC0064 /* ProfileTableViewController.swift */; };
		72FE2F64208F992200EC0064 /* MarketCollectionViewController.swift in Sources */ = {isa = PBXBuildFile; fileRef = 72FE2F63208F992200EC0064 /* MarketCollectionViewController.swift */; };
		72FE2F66208F998800EC0064 /* DiscoverCollectionViewController.swift in Sources */ = {isa = PBXBuildFile; fileRef = 72FE2F65208F998800EC0064 /* DiscoverCollectionViewController.swift */; };
		72FE2F68208F99C000EC0064 /* FeedTableViewController.swift in Sources */ = {isa = PBXBuildFile; fileRef = 72FE2F67208F99C000EC0064 /* FeedTableViewController.swift */; };
		72FE2F6A208F99FA00EC0064 /* GroupsCollectionViewController.swift in Sources */ = {isa = PBXBuildFile; fileRef = 72FE2F69208F99FA00EC0064 /* GroupsCollectionViewController.swift */; };
		72FE2F6D208F9A6C00EC0064 /* GroupTableViewController.swift in Sources */ = {isa = PBXBuildFile; fileRef = 72FE2F6C208F9A6C00EC0064 /* GroupTableViewController.swift */; };
		72FE2F6F208F9AD600EC0064 /* ProductTableViewController.swift in Sources */ = {isa = PBXBuildFile; fileRef = 72FE2F6E208F9AD600EC0064 /* ProductTableViewController.swift */; };
		72FE2F71208F9C5900EC0064 /* PurchaseTableViewController.swift in Sources */ = {isa = PBXBuildFile; fileRef = 72FE2F70208F9C5900EC0064 /* PurchaseTableViewController.swift */; };
		72FE2F78208F9D8500EC0064 /* User.swift in Sources */ = {isa = PBXBuildFile; fileRef = 72FE2F77208F9D8500EC0064 /* User.swift */; };
		72FE2F7A208F9E2500EC0064 /* Post.swift in Sources */ = {isa = PBXBuildFile; fileRef = 72FE2F79208F9E2500EC0064 /* Post.swift */; };
		72FE2F7C208F9EF000EC0064 /* Workout.swift in Sources */ = {isa = PBXBuildFile; fileRef = 72FE2F7B208F9EF000EC0064 /* Workout.swift */; };
		72FE2F7E208F9F2000EC0064 /* DietPlan.swift in Sources */ = {isa = PBXBuildFile; fileRef = 72FE2F7D208F9F2000EC0064 /* DietPlan.swift */; };
		72FE2F80208F9F4400EC0064 /* Product.swift in Sources */ = {isa = PBXBuildFile; fileRef = 72FE2F7F208F9F4400EC0064 /* Product.swift */; };
		72FE2F82208F9F6F00EC0064 /* GroupEntity.swift in Sources */ = {isa = PBXBuildFile; fileRef = 72FE2F81208F9F6F00EC0064 /* GroupEntity.swift */; };
		7F826A7F857F967321D9F54A /* Pods_FitPals.framework in Frameworks */ = {isa = PBXBuildFile; fileRef = E150C3C2C99BE8D75824991F /* Pods_FitPals.framework */; };
		E16DB9572ED7285F71BB2FE6 /* Pods_FitPalsUITests.framework in Frameworks */ = {isa = PBXBuildFile; fileRef = 5C841B8893FDD1733BA3285E /* Pods_FitPalsUITests.framework */; };
/* End PBXBuildFile section */

/* Begin PBXContainerItemProxy section */
		725FD3A2208152DB001F0337 /* PBXContainerItemProxy */ = {
			isa = PBXContainerItemProxy;
			containerPortal = 725FD385208152D8001F0337 /* Project object */;
			proxyType = 1;
			remoteGlobalIDString = 725FD38C208152D8001F0337;
			remoteInfo = FitPals;
		};
		725FD3AD208152DB001F0337 /* PBXContainerItemProxy */ = {
			isa = PBXContainerItemProxy;
			containerPortal = 725FD385208152D8001F0337 /* Project object */;
			proxyType = 1;
			remoteGlobalIDString = 725FD38C208152D8001F0337;
			remoteInfo = FitPals;
		};
/* End PBXContainerItemProxy section */

/* Begin PBXFileReference section */
		18B74369EB9CDC1DAA619699 /* Pods-FitPals.debug.xcconfig */ = {isa = PBXFileReference; includeInIndex = 1; lastKnownFileType = text.xcconfig; name = "Pods-FitPals.debug.xcconfig"; path = "Pods/Target Support Files/Pods-FitPals/Pods-FitPals.debug.xcconfig"; sourceTree = "<group>"; };
		20C2C423209A602600FBE88E /* ProfileTableViewCell.swift */ = {isa = PBXFileReference; lastKnownFileType = sourcecode.swift; path = ProfileTableViewCell.swift; sourceTree = "<group>"; };
		20C2C424209A602600FBE88E /* ProfileTableViewCell.xib */ = {isa = PBXFileReference; lastKnownFileType = file.xib; path = ProfileTableViewCell.xib; sourceTree = "<group>"; };
		20C2C427209A62DD00FBE88E /* AboutTableViewCell.swift */ = {isa = PBXFileReference; lastKnownFileType = sourcecode.swift; path = AboutTableViewCell.swift; sourceTree = "<group>"; };
		20C2C428209A62DD00FBE88E /* AboutTableViewCell.xib */ = {isa = PBXFileReference; lastKnownFileType = file.xib; path = AboutTableViewCell.xib; sourceTree = "<group>"; };
		5C841B8893FDD1733BA3285E /* Pods_FitPalsUITests.framework */ = {isa = PBXFileReference; explicitFileType = wrapper.framework; includeInIndex = 0; path = Pods_FitPalsUITests.framework; sourceTree = BUILT_PRODUCTS_DIR; };
		725FD38D208152D8001F0337 /* FitPals.app */ = {isa = PBXFileReference; explicitFileType = wrapper.application; includeInIndex = 0; path = FitPals.app; sourceTree = BUILT_PRODUCTS_DIR; };
		725FD390208152D8001F0337 /* AppDelegate.swift */ = {isa = PBXFileReference; lastKnownFileType = sourcecode.swift; path = AppDelegate.swift; sourceTree = "<group>"; };
		725FD395208152D8001F0337 /* Base */ = {isa = PBXFileReference; lastKnownFileType = file.storyboard; name = Base; path = Base.lproj/Main.storyboard; sourceTree = "<group>"; };
		725FD397208152DB001F0337 /* Assets.xcassets */ = {isa = PBXFileReference; lastKnownFileType = folder.assetcatalog; path = Assets.xcassets; sourceTree = "<group>"; };
		725FD39A208152DB001F0337 /* Base */ = {isa = PBXFileReference; lastKnownFileType = file.storyboard; name = Base; path = Base.lproj/LaunchScreen.storyboard; sourceTree = "<group>"; };
		725FD39C208152DB001F0337 /* Info.plist */ = {isa = PBXFileReference; lastKnownFileType = text.plist.xml; path = Info.plist; sourceTree = "<group>"; };
		725FD3A1208152DB001F0337 /* FitPalsTests.xctest */ = {isa = PBXFileReference; explicitFileType = wrapper.cfbundle; includeInIndex = 0; path = FitPalsTests.xctest; sourceTree = BUILT_PRODUCTS_DIR; };
		725FD3A5208152DB001F0337 /* FitPalsTests.swift */ = {isa = PBXFileReference; lastKnownFileType = sourcecode.swift; path = FitPalsTests.swift; sourceTree = "<group>"; };
		725FD3A7208152DB001F0337 /* Info.plist */ = {isa = PBXFileReference; lastKnownFileType = text.plist.xml; path = Info.plist; sourceTree = "<group>"; };
		725FD3AC208152DB001F0337 /* FitPalsUITests.xctest */ = {isa = PBXFileReference; explicitFileType = wrapper.cfbundle; includeInIndex = 0; path = FitPalsUITests.xctest; sourceTree = BUILT_PRODUCTS_DIR; };
		725FD3B0208152DB001F0337 /* FitPalsUITests.swift */ = {isa = PBXFileReference; lastKnownFileType = sourcecode.swift; path = FitPalsUITests.swift; sourceTree = "<group>"; };
		725FD3B2208152DB001F0337 /* Info.plist */ = {isa = PBXFileReference; lastKnownFileType = text.plist.xml; path = Info.plist; sourceTree = "<group>"; };
		72659B36209CDCD30057C3B0 /* PostTableViewCell.swift */ = {isa = PBXFileReference; lastKnownFileType = sourcecode.swift; path = PostTableViewCell.swift; sourceTree = "<group>"; };
		72659B37209CDCD30057C3B0 /* PostTableViewCell.xib */ = {isa = PBXFileReference; lastKnownFileType = file.xib; path = PostTableViewCell.xib; sourceTree = "<group>"; };
		72659B3A209CE3600057C3B0 /* Credits.txt */ = {isa = PBXFileReference; fileEncoding = 4; lastKnownFileType = text; path = Credits.txt; sourceTree = "<group>"; };
		72E122E2209D34FE00060AB8 /* TestUserSingleton.swift */ = {isa = PBXFileReference; lastKnownFileType = sourcecode.swift; path = TestUserSingleton.swift; sourceTree = "<group>"; };
		72FE2F61208F98E300EC0064 /* ProfileTableViewController.swift */ = {isa = PBXFileReference; lastKnownFileType = sourcecode.swift; path = ProfileTableViewController.swift; sourceTree = "<group>"; };
		72FE2F63208F992200EC0064 /* MarketCollectionViewController.swift */ = {isa = PBXFileReference; lastKnownFileType = sourcecode.swift; path = MarketCollectionViewController.swift; sourceTree = "<group>"; };
		72FE2F65208F998800EC0064 /* DiscoverCollectionViewController.swift */ = {isa = PBXFileReference; lastKnownFileType = sourcecode.swift; path = DiscoverCollectionViewController.swift; sourceTree = "<group>"; };
		72FE2F67208F99C000EC0064 /* FeedTableViewController.swift */ = {isa = PBXFileReference; lastKnownFileType = sourcecode.swift; path = FeedTableViewController.swift; sourceTree = "<group>"; };
		72FE2F69208F99FA00EC0064 /* GroupsCollectionViewController.swift */ = {isa = PBXFileReference; lastKnownFileType = sourcecode.swift; path = GroupsCollectionViewController.swift; sourceTree = "<group>"; };
		72FE2F6C208F9A6C00EC0064 /* GroupTableViewController.swift */ = {isa = PBXFileReference; lastKnownFileType = sourcecode.swift; path = GroupTableViewController.swift; sourceTree = "<group>"; };
		72FE2F6E208F9AD600EC0064 /* ProductTableViewController.swift */ = {isa = PBXFileReference; lastKnownFileType = sourcecode.swift; path = ProductTableViewController.swift; sourceTree = "<group>"; };
		72FE2F70208F9C5900EC0064 /* PurchaseTableViewController.swift */ = {isa = PBXFileReference; lastKnownFileType = sourcecode.swift; path = PurchaseTableViewController.swift; sourceTree = "<group>"; };
		72FE2F77208F9D8500EC0064 /* User.swift */ = {isa = PBXFileReference; lastKnownFileType = sourcecode.swift; path = User.swift; sourceTree = "<group>"; };
		72FE2F79208F9E2500EC0064 /* Post.swift */ = {isa = PBXFileReference; lastKnownFileType = sourcecode.swift; path = Post.swift; sourceTree = "<group>"; };
		72FE2F7B208F9EF000EC0064 /* Workout.swift */ = {isa = PBXFileReference; lastKnownFileType = sourcecode.swift; path = Workout.swift; sourceTree = "<group>"; };
		72FE2F7D208F9F2000EC0064 /* DietPlan.swift */ = {isa = PBXFileReference; lastKnownFileType = sourcecode.swift; path = DietPlan.swift; sourceTree = "<group>"; };
		72FE2F7F208F9F4400EC0064 /* Product.swift */ = {isa = PBXFileReference; lastKnownFileType = sourcecode.swift; path = Product.swift; sourceTree = "<group>"; };
		72FE2F81208F9F6F00EC0064 /* GroupEntity.swift */ = {isa = PBXFileReference; lastKnownFileType = sourcecode.swift; path = GroupEntity.swift; sourceTree = "<group>"; };
		8039330BBBFD1CE644FD9C0E /* Pods-FitPalsUITests.release.xcconfig */ = {isa = PBXFileReference; includeInIndex = 1; lastKnownFileType = text.xcconfig; name = "Pods-FitPalsUITests.release.xcconfig"; path = "Pods/Target Support Files/Pods-FitPalsUITests/Pods-FitPalsUITests.release.xcconfig"; sourceTree = "<group>"; };
		83626786B005C8FA74DB8081 /* Pods-FitPalsTests.debug.xcconfig */ = {isa = PBXFileReference; includeInIndex = 1; lastKnownFileType = text.xcconfig; name = "Pods-FitPalsTests.debug.xcconfig"; path = "Pods/Target Support Files/Pods-FitPalsTests/Pods-FitPalsTests.debug.xcconfig"; sourceTree = "<group>"; };
		C014FAE07FDA541679013BCD /* Pods-FitPalsTests.release.xcconfig */ = {isa = PBXFileReference; includeInIndex = 1; lastKnownFileType = text.xcconfig; name = "Pods-FitPalsTests.release.xcconfig"; path = "Pods/Target Support Files/Pods-FitPalsTests/Pods-FitPalsTests.release.xcconfig"; sourceTree = "<group>"; };
		E150C3C2C99BE8D75824991F /* Pods_FitPals.framework */ = {isa = PBXFileReference; explicitFileType = wrapper.framework; includeInIndex = 0; path = Pods_FitPals.framework; sourceTree = BUILT_PRODUCTS_DIR; };
		E2F1D484409F20666FBF3B68 /* Pods_FitPalsTests.framework */ = {isa = PBXFileReference; explicitFileType = wrapper.framework; includeInIndex = 0; path = Pods_FitPalsTests.framework; sourceTree = BUILT_PRODUCTS_DIR; };
		E8E8A02D14F49A1538761B15 /* Pods-FitPals.release.xcconfig */ = {isa = PBXFileReference; includeInIndex = 1; lastKnownFileType = text.xcconfig; name = "Pods-FitPals.release.xcconfig"; path = "Pods/Target Support Files/Pods-FitPals/Pods-FitPals.release.xcconfig"; sourceTree = "<group>"; };
		F6012AE9C82F549EFB76F545 /* Pods-FitPalsUITests.debug.xcconfig */ = {isa = PBXFileReference; includeInIndex = 1; lastKnownFileType = text.xcconfig; name = "Pods-FitPalsUITests.debug.xcconfig"; path = "Pods/Target Support Files/Pods-FitPalsUITests/Pods-FitPalsUITests.debug.xcconfig"; sourceTree = "<group>"; };
/* End PBXFileReference section */

/* Begin PBXFrameworksBuildPhase section */
		725FD38A208152D8001F0337 /* Frameworks */ = {
			isa = PBXFrameworksBuildPhase;
			buildActionMask = 2147483647;
			files = (
				7F826A7F857F967321D9F54A /* Pods_FitPals.framework in Frameworks */,
			);
			runOnlyForDeploymentPostprocessing = 0;
		};
		725FD39E208152DB001F0337 /* Frameworks */ = {
			isa = PBXFrameworksBuildPhase;
			buildActionMask = 2147483647;
			files = (
				0406C7B8879BEC302D23C137 /* Pods_FitPalsTests.framework in Frameworks */,
			);
			runOnlyForDeploymentPostprocessing = 0;
		};
		725FD3A9208152DB001F0337 /* Frameworks */ = {
			isa = PBXFrameworksBuildPhase;
			buildActionMask = 2147483647;
			files = (
				E16DB9572ED7285F71BB2FE6 /* Pods_FitPalsUITests.framework in Frameworks */,
			);
			runOnlyForDeploymentPostprocessing = 0;
		};
/* End PBXFrameworksBuildPhase section */

/* Begin PBXGroup section */
		4A6F2C13206640C35D8621AA /* Frameworks */ = {
			isa = PBXGroup;
			children = (
				E150C3C2C99BE8D75824991F /* Pods_FitPals.framework */,
				E2F1D484409F20666FBF3B68 /* Pods_FitPalsTests.framework */,
				5C841B8893FDD1733BA3285E /* Pods_FitPalsUITests.framework */,
			);
			name = Frameworks;
			sourceTree = "<group>";
		};
		55565A44D1E27EBB0E6B29E8 /* Pods */ = {
			isa = PBXGroup;
			children = (
				18B74369EB9CDC1DAA619699 /* Pods-FitPals.debug.xcconfig */,
				E8E8A02D14F49A1538761B15 /* Pods-FitPals.release.xcconfig */,
				83626786B005C8FA74DB8081 /* Pods-FitPalsTests.debug.xcconfig */,
				C014FAE07FDA541679013BCD /* Pods-FitPalsTests.release.xcconfig */,
				F6012AE9C82F549EFB76F545 /* Pods-FitPalsUITests.debug.xcconfig */,
				8039330BBBFD1CE644FD9C0E /* Pods-FitPalsUITests.release.xcconfig */,
			);
			name = Pods;
			sourceTree = "<group>";
		};
		725FD384208152D8001F0337 = {
			isa = PBXGroup;
			children = (
				725FD38F208152D8001F0337 /* FitPals */,
				725FD3A4208152DB001F0337 /* FitPalsTests */,
				725FD3AF208152DB001F0337 /* FitPalsUITests */,
				725FD38E208152D8001F0337 /* Products */,
				55565A44D1E27EBB0E6B29E8 /* Pods */,
				4A6F2C13206640C35D8621AA /* Frameworks */,
			);
			sourceTree = "<group>";
		};
		725FD38E208152D8001F0337 /* Products */ = {
			isa = PBXGroup;
			children = (
				725FD38D208152D8001F0337 /* FitPals.app */,
				725FD3A1208152DB001F0337 /* FitPalsTests.xctest */,
				725FD3AC208152DB001F0337 /* FitPalsUITests.xctest */,
			);
			name = Products;
			sourceTree = "<group>";
		};
		725FD38F208152D8001F0337 /* FitPals */ = {
			isa = PBXGroup;
			children = (
				72FE2F5E208F988000EC0064 /* Model */,
				72FE2F5F208F988B00EC0064 /* View */,
				72FE2F60208F989300EC0064 /* Controller */,
				725FD397208152DB001F0337 /* Assets.xcassets */,
				725FD39C208152DB001F0337 /* Info.plist */,
				72659B3A209CE3600057C3B0 /* Credits.txt */,
			);
			path = FitPals;
			sourceTree = "<group>";
		};
		725FD3A4208152DB001F0337 /* FitPalsTests */ = {
			isa = PBXGroup;
			children = (
				725FD3A5208152DB001F0337 /* FitPalsTests.swift */,
				725FD3A7208152DB001F0337 /* Info.plist */,
			);
			path = FitPalsTests;
			sourceTree = "<group>";
		};
		725FD3AF208152DB001F0337 /* FitPalsUITests */ = {
			isa = PBXGroup;
			children = (
				725FD3B0208152DB001F0337 /* FitPalsUITests.swift */,
				725FD3B2208152DB001F0337 /* Info.plist */,
			);
			path = FitPalsUITests;
			sourceTree = "<group>";
		};
		72FE2F5E208F988000EC0064 /* Model */ = {
			isa = PBXGroup;
			children = (
				72FE2F77208F9D8500EC0064 /* User.swift */,
				72FE2F79208F9E2500EC0064 /* Post.swift */,
				72FE2F7B208F9EF000EC0064 /* Workout.swift */,
				72FE2F7D208F9F2000EC0064 /* DietPlan.swift */,
				72FE2F7F208F9F4400EC0064 /* Product.swift */,
				72FE2F81208F9F6F00EC0064 /* GroupEntity.swift */,
				72E122E2209D34FE00060AB8 /* TestUserSingleton.swift */,
			);
			path = Model;
			sourceTree = "<group>";
		};
		72FE2F5F208F988B00EC0064 /* View */ = {
			isa = PBXGroup;
			children = (
				725FD394208152D8001F0337 /* Main.storyboard */,
				725FD399208152DB001F0337 /* LaunchScreen.storyboard */,
				72659B36209CDCD30057C3B0 /* PostTableViewCell.swift */,
				72659B37209CDCD30057C3B0 /* PostTableViewCell.xib */,
			);
			path = View;
			sourceTree = "<group>";
		};
		72FE2F60208F989300EC0064 /* Controller */ = {
			isa = PBXGroup;
			children = (
				725FD390208152D8001F0337 /* AppDelegate.swift */,
				72FE2F76208F9CFB00EC0064 /* Feed */,
				72FE2F72208F9C7D00EC0064 /* Market */,
				72FE2F75208F9CD300EC0064 /* ExploreDiscover */,
				72FE2F74208F9CC300EC0064 /* Profile */,
				72FE2F73208F9CA000EC0064 /* Groups */,
			);
			path = Controller;
			sourceTree = "<group>";
		};
		72FE2F72208F9C7D00EC0064 /* Market */ = {
			isa = PBXGroup;
			children = (
				72FE2F63208F992200EC0064 /* MarketCollectionViewController.swift */,
				72FE2F6E208F9AD600EC0064 /* ProductTableViewController.swift */,
				72FE2F70208F9C5900EC0064 /* PurchaseTableViewController.swift */,
			);
			path = Market;
			sourceTree = "<group>";
		};
		72FE2F73208F9CA000EC0064 /* Groups */ = {
			isa = PBXGroup;
			children = (
				72FE2F69208F99FA00EC0064 /* GroupsCollectionViewController.swift */,
				72FE2F6C208F9A6C00EC0064 /* GroupTableViewController.swift */,
			);
			path = Groups;
			sourceTree = "<group>";
		};
		72FE2F74208F9CC300EC0064 /* Profile */ = {
			isa = PBXGroup;
			children = (
				72FE2F61208F98E300EC0064 /* ProfileTableViewController.swift */,
				20C2C427209A62DD00FBE88E /* AboutTableViewCell.swift */,
				20C2C428209A62DD00FBE88E /* AboutTableViewCell.xib */,
				20C2C423209A602600FBE88E /* ProfileTableViewCell.swift */,
				20C2C424209A602600FBE88E /* ProfileTableViewCell.xib */,
			);
			path = Profile;
			sourceTree = "<group>";
		};
		72FE2F75208F9CD300EC0064 /* ExploreDiscover */ = {
			isa = PBXGroup;
			children = (
				72FE2F65208F998800EC0064 /* DiscoverCollectionViewController.swift */,
			);
			path = ExploreDiscover;
			sourceTree = "<group>";
		};
		72FE2F76208F9CFB00EC0064 /* Feed */ = {
			isa = PBXGroup;
			children = (
				72FE2F67208F99C000EC0064 /* FeedTableViewController.swift */,
			);
			path = Feed;
			sourceTree = "<group>";
		};
/* End PBXGroup section */

/* Begin PBXNativeTarget section */
		725FD38C208152D8001F0337 /* FitPals */ = {
			isa = PBXNativeTarget;
			buildConfigurationList = 725FD3B5208152DB001F0337 /* Build configuration list for PBXNativeTarget "FitPals" */;
			buildPhases = (
				5D92636A651F2DF133A82130 /* [CP] Check Pods Manifest.lock */,
				725FD389208152D8001F0337 /* Sources */,
				725FD38A208152D8001F0337 /* Frameworks */,
				725FD38B208152D8001F0337 /* Resources */,
				72FE2F83208FA13100EC0064 /* ShellScript */,
				7C0798CC970722E809809010 /* [CP] Embed Pods Frameworks */,
			);
			buildRules = (
			);
			dependencies = (
			);
			name = FitPals;
			productName = FitPals;
			productReference = 725FD38D208152D8001F0337 /* FitPals.app */;
			productType = "com.apple.product-type.application";
		};
		725FD3A0208152DB001F0337 /* FitPalsTests */ = {
			isa = PBXNativeTarget;
			buildConfigurationList = 725FD3B8208152DB001F0337 /* Build configuration list for PBXNativeTarget "FitPalsTests" */;
			buildPhases = (
				63A822029CD4FB08F4D92D8B /* [CP] Check Pods Manifest.lock */,
				725FD39D208152DB001F0337 /* Sources */,
				725FD39E208152DB001F0337 /* Frameworks */,
				725FD39F208152DB001F0337 /* Resources */,
			);
			buildRules = (
			);
			dependencies = (
				725FD3A3208152DB001F0337 /* PBXTargetDependency */,
			);
			name = FitPalsTests;
			productName = FitPalsTests;
			productReference = 725FD3A1208152DB001F0337 /* FitPalsTests.xctest */;
			productType = "com.apple.product-type.bundle.unit-test";
		};
		725FD3AB208152DB001F0337 /* FitPalsUITests */ = {
			isa = PBXNativeTarget;
			buildConfigurationList = 725FD3BB208152DB001F0337 /* Build configuration list for PBXNativeTarget "FitPalsUITests" */;
			buildPhases = (
				BFDE75E12683A20803BCC1DA /* [CP] Check Pods Manifest.lock */,
				725FD3A8208152DB001F0337 /* Sources */,
				725FD3A9208152DB001F0337 /* Frameworks */,
				725FD3AA208152DB001F0337 /* Resources */,
			);
			buildRules = (
			);
			dependencies = (
				725FD3AE208152DB001F0337 /* PBXTargetDependency */,
			);
			name = FitPalsUITests;
			productName = FitPalsUITests;
			productReference = 725FD3AC208152DB001F0337 /* FitPalsUITests.xctest */;
			productType = "com.apple.product-type.bundle.ui-testing";
		};
/* End PBXNativeTarget section */

/* Begin PBXProject section */
		725FD385208152D8001F0337 /* Project object */ = {
			isa = PBXProject;
			attributes = {
				LastSwiftUpdateCheck = 0930;
				LastUpgradeCheck = 0930;
				ORGANIZATIONNAME = "Will Carhart";
				TargetAttributes = {
					725FD38C208152D8001F0337 = {
						CreatedOnToolsVersion = 9.3;
					};
					725FD3A0208152DB001F0337 = {
						CreatedOnToolsVersion = 9.3;
						TestTargetID = 725FD38C208152D8001F0337;
					};
					725FD3AB208152DB001F0337 = {
						CreatedOnToolsVersion = 9.3;
						TestTargetID = 725FD38C208152D8001F0337;
					};
				};
			};
			buildConfigurationList = 725FD388208152D8001F0337 /* Build configuration list for PBXProject "FitPals" */;
			compatibilityVersion = "Xcode 9.3";
			developmentRegion = en;
			hasScannedForEncodings = 0;
			knownRegions = (
				en,
				Base,
			);
			mainGroup = 725FD384208152D8001F0337;
			productRefGroup = 725FD38E208152D8001F0337 /* Products */;
			projectDirPath = "";
			projectRoot = "";
			targets = (
				725FD38C208152D8001F0337 /* FitPals */,
				725FD3A0208152DB001F0337 /* FitPalsTests */,
				725FD3AB208152DB001F0337 /* FitPalsUITests */,
			);
		};
/* End PBXProject section */

/* Begin PBXResourcesBuildPhase section */
		725FD38B208152D8001F0337 /* Resources */ = {
			isa = PBXResourcesBuildPhase;
			buildActionMask = 2147483647;
			files = (
				725FD39B208152DB001F0337 /* LaunchScreen.storyboard in Resources */,
				725FD398208152DB001F0337 /* Assets.xcassets in Resources */,
				20C2C42A209A62DD00FBE88E /* AboutTableViewCell.xib in Resources */,
				72659B39209CDCD30057C3B0 /* PostTableViewCell.xib in Resources */,
				725FD396208152D8001F0337 /* Main.storyboard in Resources */,
				72659B3B209CE3600057C3B0 /* Credits.txt in Resources */,
				20C2C426209A602600FBE88E /* ProfileTableViewCell.xib in Resources */,
			);
			runOnlyForDeploymentPostprocessing = 0;
		};
		725FD39F208152DB001F0337 /* Resources */ = {
			isa = PBXResourcesBuildPhase;
			buildActionMask = 2147483647;
			files = (
			);
			runOnlyForDeploymentPostprocessing = 0;
		};
		725FD3AA208152DB001F0337 /* Resources */ = {
			isa = PBXResourcesBuildPhase;
			buildActionMask = 2147483647;
			files = (
			);
			runOnlyForDeploymentPostprocessing = 0;
		};
/* End PBXResourcesBuildPhase section */

/* Begin PBXShellScriptBuildPhase section */
		5D92636A651F2DF133A82130 /* [CP] Check Pods Manifest.lock */ = {
			isa = PBXShellScriptBuildPhase;
			buildActionMask = 2147483647;
			files = (
			);
			inputPaths = (
				"${PODS_PODFILE_DIR_PATH}/Podfile.lock",
				"${PODS_ROOT}/Manifest.lock",
			);
			name = "[CP] Check Pods Manifest.lock";
			outputPaths = (
				"$(DERIVED_FILE_DIR)/Pods-FitPals-checkManifestLockResult.txt",
			);
			runOnlyForDeploymentPostprocessing = 0;
			shellPath = /bin/sh;
			shellScript = "diff \"${PODS_PODFILE_DIR_PATH}/Podfile.lock\" \"${PODS_ROOT}/Manifest.lock\" > /dev/null\nif [ $? != 0 ] ; then\n    # print error to STDERR\n    echo \"error: The sandbox is not in sync with the Podfile.lock. Run 'pod install' or update your CocoaPods installation.\" >&2\n    exit 1\nfi\n# This output is used by Xcode 'outputs' to avoid re-running this script phase.\necho \"SUCCESS\" > \"${SCRIPT_OUTPUT_FILE_0}\"\n";
			showEnvVarsInLog = 0;
		};
		63A822029CD4FB08F4D92D8B /* [CP] Check Pods Manifest.lock */ = {
			isa = PBXShellScriptBuildPhase;
			buildActionMask = 2147483647;
			files = (
			);
			inputPaths = (
				"${PODS_PODFILE_DIR_PATH}/Podfile.lock",
				"${PODS_ROOT}/Manifest.lock",
			);
			name = "[CP] Check Pods Manifest.lock";
			outputPaths = (
				"$(DERIVED_FILE_DIR)/Pods-FitPalsTests-checkManifestLockResult.txt",
			);
			runOnlyForDeploymentPostprocessing = 0;
			shellPath = /bin/sh;
			shellScript = "diff \"${PODS_PODFILE_DIR_PATH}/Podfile.lock\" \"${PODS_ROOT}/Manifest.lock\" > /dev/null\nif [ $? != 0 ] ; then\n    # print error to STDERR\n    echo \"error: The sandbox is not in sync with the Podfile.lock. Run 'pod install' or update your CocoaPods installation.\" >&2\n    exit 1\nfi\n# This output is used by Xcode 'outputs' to avoid re-running this script phase.\necho \"SUCCESS\" > \"${SCRIPT_OUTPUT_FILE_0}\"\n";
			showEnvVarsInLog = 0;
		};
		72FE2F83208FA13100EC0064 /* ShellScript */ = {
			isa = PBXShellScriptBuildPhase;
			buildActionMask = 2147483647;
			files = (
			);
			inputPaths = (
			);
			outputPaths = (
			);
			runOnlyForDeploymentPostprocessing = 0;
			shellPath = /bin/sh;
			shellScript = "TAGS=\"TODO:|FIXME:|DEBUG:\"\necho \"searching ${SRCROOT} for ${TAGS}\"\nfind \"${SRCROOT}\" \\( -name \"*.swift\" \\) -print0 | xargs -0 egrep --with-filename --line-number --only-matching \"($TAGS).*\\$\" | perl -p -e \"s/($TAGS)/ warning: \\$1/\"";
		};
		7C0798CC970722E809809010 /* [CP] Embed Pods Frameworks */ = {
			isa = PBXShellScriptBuildPhase;
			buildActionMask = 2147483647;
			files = (
			);
			inputPaths = (
				"${SRCROOT}/Pods/Target Support Files/Pods-FitPals/Pods-FitPals-frameworks.sh",
				"${BUILT_PRODUCTS_DIR}/Alamofire/Alamofire.framework",
				"${BUILT_PRODUCTS_DIR}/ChameleonFramework/ChameleonFramework.framework",
				"${BUILT_PRODUCTS_DIR}/GoogleToolboxForMac/GoogleToolboxForMac.framework",
				"${BUILT_PRODUCTS_DIR}/Kingfisher/Kingfisher.framework",
				"${BUILT_PRODUCTS_DIR}/MapViewPlus/MapViewPlus.framework",
				"${BUILT_PRODUCTS_DIR}/SVProgressHUD/SVProgressHUD.framework",
				"${BUILT_PRODUCTS_DIR}/SwiftDate/SwiftDate.framework",
				"${BUILT_PRODUCTS_DIR}/SwiftyJSON/SwiftyJSON.framework",
				"${BUILT_PRODUCTS_DIR}/leveldb-library/leveldb.framework",
				"${BUILT_PRODUCTS_DIR}/nanopb/nanopb.framework",
			);
			name = "[CP] Embed Pods Frameworks";
			outputPaths = (
				"${TARGET_BUILD_DIR}/${FRAMEWORKS_FOLDER_PATH}/Alamofire.framework",
				"${TARGET_BUILD_DIR}/${FRAMEWORKS_FOLDER_PATH}/ChameleonFramework.framework",
				"${TARGET_BUILD_DIR}/${FRAMEWORKS_FOLDER_PATH}/GoogleToolboxForMac.framework",
				"${TARGET_BUILD_DIR}/${FRAMEWORKS_FOLDER_PATH}/Kingfisher.framework",
				"${TARGET_BUILD_DIR}/${FRAMEWORKS_FOLDER_PATH}/MapViewPlus.framework",
				"${TARGET_BUILD_DIR}/${FRAMEWORKS_FOLDER_PATH}/SVProgressHUD.framework",
				"${TARGET_BUILD_DIR}/${FRAMEWORKS_FOLDER_PATH}/SwiftDate.framework",
				"${TARGET_BUILD_DIR}/${FRAMEWORKS_FOLDER_PATH}/SwiftyJSON.framework",
				"${TARGET_BUILD_DIR}/${FRAMEWORKS_FOLDER_PATH}/leveldb.framework",
				"${TARGET_BUILD_DIR}/${FRAMEWORKS_FOLDER_PATH}/nanopb.framework",
			);
			runOnlyForDeploymentPostprocessing = 0;
			shellPath = /bin/sh;
			shellScript = "\"${SRCROOT}/Pods/Target Support Files/Pods-FitPals/Pods-FitPals-frameworks.sh\"\n";
			showEnvVarsInLog = 0;
		};
		BFDE75E12683A20803BCC1DA /* [CP] Check Pods Manifest.lock */ = {
			isa = PBXShellScriptBuildPhase;
			buildActionMask = 2147483647;
			files = (
			);
			inputPaths = (
				"${PODS_PODFILE_DIR_PATH}/Podfile.lock",
				"${PODS_ROOT}/Manifest.lock",
			);
			name = "[CP] Check Pods Manifest.lock";
			outputPaths = (
				"$(DERIVED_FILE_DIR)/Pods-FitPalsUITests-checkManifestLockResult.txt",
			);
			runOnlyForDeploymentPostprocessing = 0;
			shellPath = /bin/sh;
			shellScript = "diff \"${PODS_PODFILE_DIR_PATH}/Podfile.lock\" \"${PODS_ROOT}/Manifest.lock\" > /dev/null\nif [ $? != 0 ] ; then\n    # print error to STDERR\n    echo \"error: The sandbox is not in sync with the Podfile.lock. Run 'pod install' or update your CocoaPods installation.\" >&2\n    exit 1\nfi\n# This output is used by Xcode 'outputs' to avoid re-running this script phase.\necho \"SUCCESS\" > \"${SCRIPT_OUTPUT_FILE_0}\"\n";
			showEnvVarsInLog = 0;
		};
/* End PBXShellScriptBuildPhase section */

/* Begin PBXSourcesBuildPhase section */
		725FD389208152D8001F0337 /* Sources */ = {
			isa = PBXSourcesBuildPhase;
			buildActionMask = 2147483647;
			files = (
				72FE2F6D208F9A6C00EC0064 /* GroupTableViewController.swift in Sources */,
				72FE2F7A208F9E2500EC0064 /* Post.swift in Sources */,
				72FE2F62208F98E300EC0064 /* ProfileTableViewController.swift in Sources */,
				725FD391208152D8001F0337 /* AppDelegate.swift in Sources */,
				72FE2F6A208F99FA00EC0064 /* GroupsCollectionViewController.swift in Sources */,
				72FE2F68208F99C000EC0064 /* FeedTableViewController.swift in Sources */,
				72FE2F64208F992200EC0064 /* MarketCollectionViewController.swift in Sources */,
				72FE2F82208F9F6F00EC0064 /* GroupEntity.swift in Sources */,
				72FE2F6F208F9AD600EC0064 /* ProductTableViewController.swift in Sources */,
				20C2C429209A62DD00FBE88E /* AboutTableViewCell.swift in Sources */,
				20C2C425209A602600FBE88E /* ProfileTableViewCell.swift in Sources */,
				72FE2F66208F998800EC0064 /* DiscoverCollectionViewController.swift in Sources */,
				72FE2F78208F9D8500EC0064 /* User.swift in Sources */,
				72FE2F7E208F9F2000EC0064 /* DietPlan.swift in Sources */,
				72FE2F71208F9C5900EC0064 /* PurchaseTableViewController.swift in Sources */,
				72E122E3209D34FE00060AB8 /* TestUserSingleton.swift in Sources */,
				72FE2F7C208F9EF000EC0064 /* Workout.swift in Sources */,
				72FE2F80208F9F4400EC0064 /* Product.swift in Sources */,
				72659B38209CDCD30057C3B0 /* PostTableViewCell.swift in Sources */,
			);
			runOnlyForDeploymentPostprocessing = 0;
		};
		725FD39D208152DB001F0337 /* Sources */ = {
			isa = PBXSourcesBuildPhase;
			buildActionMask = 2147483647;
			files = (
				725FD3A6208152DB001F0337 /* FitPalsTests.swift in Sources */,
			);
			runOnlyForDeploymentPostprocessing = 0;
		};
		725FD3A8208152DB001F0337 /* Sources */ = {
			isa = PBXSourcesBuildPhase;
			buildActionMask = 2147483647;
			files = (
				725FD3B1208152DB001F0337 /* FitPalsUITests.swift in Sources */,
			);
			runOnlyForDeploymentPostprocessing = 0;
		};
/* End PBXSourcesBuildPhase section */

/* Begin PBXTargetDependency section */
		725FD3A3208152DB001F0337 /* PBXTargetDependency */ = {
			isa = PBXTargetDependency;
			target = 725FD38C208152D8001F0337 /* FitPals */;
			targetProxy = 725FD3A2208152DB001F0337 /* PBXContainerItemProxy */;
		};
		725FD3AE208152DB001F0337 /* PBXTargetDependency */ = {
			isa = PBXTargetDependency;
			target = 725FD38C208152D8001F0337 /* FitPals */;
			targetProxy = 725FD3AD208152DB001F0337 /* PBXContainerItemProxy */;
		};
/* End PBXTargetDependency section */

/* Begin PBXVariantGroup section */
		725FD394208152D8001F0337 /* Main.storyboard */ = {
			isa = PBXVariantGroup;
			children = (
				725FD395208152D8001F0337 /* Base */,
			);
			name = Main.storyboard;
			sourceTree = "<group>";
		};
		725FD399208152DB001F0337 /* LaunchScreen.storyboard */ = {
			isa = PBXVariantGroup;
			children = (
				725FD39A208152DB001F0337 /* Base */,
			);
			name = LaunchScreen.storyboard;
			sourceTree = "<group>";
		};
/* End PBXVariantGroup section */

/* Begin XCBuildConfiguration section */
		725FD3B3208152DB001F0337 /* Debug */ = {
			isa = XCBuildConfiguration;
			buildSettings = {
				ALWAYS_SEARCH_USER_PATHS = NO;
				CLANG_ANALYZER_NONNULL = YES;
				CLANG_ANALYZER_NUMBER_OBJECT_CONVERSION = YES_AGGRESSIVE;
				CLANG_CXX_LANGUAGE_STANDARD = "gnu++14";
				CLANG_CXX_LIBRARY = "libc++";
				CLANG_ENABLE_MODULES = YES;
				CLANG_ENABLE_OBJC_ARC = YES;
				CLANG_ENABLE_OBJC_WEAK = YES;
				CLANG_WARN_BLOCK_CAPTURE_AUTORELEASING = YES;
				CLANG_WARN_BOOL_CONVERSION = YES;
				CLANG_WARN_COMMA = YES;
				CLANG_WARN_CONSTANT_CONVERSION = YES;
				CLANG_WARN_DEPRECATED_OBJC_IMPLEMENTATIONS = YES;
				CLANG_WARN_DIRECT_OBJC_ISA_USAGE = YES_ERROR;
				CLANG_WARN_DOCUMENTATION_COMMENTS = YES;
				CLANG_WARN_EMPTY_BODY = YES;
				CLANG_WARN_ENUM_CONVERSION = YES;
				CLANG_WARN_INFINITE_RECURSION = YES;
				CLANG_WARN_INT_CONVERSION = YES;
				CLANG_WARN_NON_LITERAL_NULL_CONVERSION = YES;
				CLANG_WARN_OBJC_IMPLICIT_RETAIN_SELF = YES;
				CLANG_WARN_OBJC_LITERAL_CONVERSION = YES;
				CLANG_WARN_OBJC_ROOT_CLASS = YES_ERROR;
				CLANG_WARN_RANGE_LOOP_ANALYSIS = YES;
				CLANG_WARN_STRICT_PROTOTYPES = YES;
				CLANG_WARN_SUSPICIOUS_MOVE = YES;
				CLANG_WARN_UNGUARDED_AVAILABILITY = YES_AGGRESSIVE;
				CLANG_WARN_UNREACHABLE_CODE = YES;
				CLANG_WARN__DUPLICATE_METHOD_MATCH = YES;
				CODE_SIGN_IDENTITY = "iPhone Developer";
				COPY_PHASE_STRIP = NO;
				DEBUG_INFORMATION_FORMAT = dwarf;
				ENABLE_STRICT_OBJC_MSGSEND = YES;
				ENABLE_TESTABILITY = YES;
				GCC_C_LANGUAGE_STANDARD = gnu11;
				GCC_DYNAMIC_NO_PIC = NO;
				GCC_NO_COMMON_BLOCKS = YES;
				GCC_OPTIMIZATION_LEVEL = 0;
				GCC_PREPROCESSOR_DEFINITIONS = (
					"DEBUG=1",
					"$(inherited)",
				);
				GCC_WARN_64_TO_32_BIT_CONVERSION = YES;
				GCC_WARN_ABOUT_RETURN_TYPE = YES_ERROR;
				GCC_WARN_UNDECLARED_SELECTOR = YES;
				GCC_WARN_UNINITIALIZED_AUTOS = YES_AGGRESSIVE;
				GCC_WARN_UNUSED_FUNCTION = YES;
				GCC_WARN_UNUSED_VARIABLE = YES;
				IPHONEOS_DEPLOYMENT_TARGET = 11.3;
				MTL_ENABLE_DEBUG_INFO = YES;
				ONLY_ACTIVE_ARCH = YES;
				SDKROOT = iphoneos;
				SWIFT_ACTIVE_COMPILATION_CONDITIONS = DEBUG;
				SWIFT_OPTIMIZATION_LEVEL = "-Onone";
			};
			name = Debug;
		};
		725FD3B4208152DB001F0337 /* Release */ = {
			isa = XCBuildConfiguration;
			buildSettings = {
				ALWAYS_SEARCH_USER_PATHS = NO;
				CLANG_ANALYZER_NONNULL = YES;
				CLANG_ANALYZER_NUMBER_OBJECT_CONVERSION = YES_AGGRESSIVE;
				CLANG_CXX_LANGUAGE_STANDARD = "gnu++14";
				CLANG_CXX_LIBRARY = "libc++";
				CLANG_ENABLE_MODULES = YES;
				CLANG_ENABLE_OBJC_ARC = YES;
				CLANG_ENABLE_OBJC_WEAK = YES;
				CLANG_WARN_BLOCK_CAPTURE_AUTORELEASING = YES;
				CLANG_WARN_BOOL_CONVERSION = YES;
				CLANG_WARN_COMMA = YES;
				CLANG_WARN_CONSTANT_CONVERSION = YES;
				CLANG_WARN_DEPRECATED_OBJC_IMPLEMENTATIONS = YES;
				CLANG_WARN_DIRECT_OBJC_ISA_USAGE = YES_ERROR;
				CLANG_WARN_DOCUMENTATION_COMMENTS = YES;
				CLANG_WARN_EMPTY_BODY = YES;
				CLANG_WARN_ENUM_CONVERSION = YES;
				CLANG_WARN_INFINITE_RECURSION = YES;
				CLANG_WARN_INT_CONVERSION = YES;
				CLANG_WARN_NON_LITERAL_NULL_CONVERSION = YES;
				CLANG_WARN_OBJC_IMPLICIT_RETAIN_SELF = YES;
				CLANG_WARN_OBJC_LITERAL_CONVERSION = YES;
				CLANG_WARN_OBJC_ROOT_CLASS = YES_ERROR;
				CLANG_WARN_RANGE_LOOP_ANALYSIS = YES;
				CLANG_WARN_STRICT_PROTOTYPES = YES;
				CLANG_WARN_SUSPICIOUS_MOVE = YES;
				CLANG_WARN_UNGUARDED_AVAILABILITY = YES_AGGRESSIVE;
				CLANG_WARN_UNREACHABLE_CODE = YES;
				CLANG_WARN__DUPLICATE_METHOD_MATCH = YES;
				CODE_SIGN_IDENTITY = "iPhone Developer";
				COPY_PHASE_STRIP = NO;
				DEBUG_INFORMATION_FORMAT = "dwarf-with-dsym";
				ENABLE_NS_ASSERTIONS = NO;
				ENABLE_STRICT_OBJC_MSGSEND = YES;
				GCC_C_LANGUAGE_STANDARD = gnu11;
				GCC_NO_COMMON_BLOCKS = YES;
				GCC_WARN_64_TO_32_BIT_CONVERSION = YES;
				GCC_WARN_ABOUT_RETURN_TYPE = YES_ERROR;
				GCC_WARN_UNDECLARED_SELECTOR = YES;
				GCC_WARN_UNINITIALIZED_AUTOS = YES_AGGRESSIVE;
				GCC_WARN_UNUSED_FUNCTION = YES;
				GCC_WARN_UNUSED_VARIABLE = YES;
				IPHONEOS_DEPLOYMENT_TARGET = 11.3;
				MTL_ENABLE_DEBUG_INFO = NO;
				SDKROOT = iphoneos;
				SWIFT_COMPILATION_MODE = wholemodule;
				SWIFT_OPTIMIZATION_LEVEL = "-O";
				VALIDATE_PRODUCT = YES;
			};
			name = Release;
		};
		725FD3B6208152DB001F0337 /* Debug */ = {
			isa = XCBuildConfiguration;
			baseConfigurationReference = 18B74369EB9CDC1DAA619699 /* Pods-FitPals.debug.xcconfig */;
			buildSettings = {
				ASSETCATALOG_COMPILER_APPICON_NAME = AppIcon;
				CODE_SIGN_STYLE = Automatic;
				DEVELOPMENT_TEAM = E255S56V67;
				INFOPLIST_FILE = FitPals/Info.plist;
				LD_RUNPATH_SEARCH_PATHS = (
					"$(inherited)",
					"@executable_path/Frameworks",
				);
				PRODUCT_BUNDLE_IDENTIFIER = edu.sandiego.FitPals;
				PRODUCT_NAME = "$(TARGET_NAME)";
				SWIFT_VERSION = 4.0;
				TARGETED_DEVICE_FAMILY = "1,2";
			};
			name = Debug;
		};
		725FD3B7208152DB001F0337 /* Release */ = {
			isa = XCBuildConfiguration;
			baseConfigurationReference = E8E8A02D14F49A1538761B15 /* Pods-FitPals.release.xcconfig */;
			buildSettings = {
				ASSETCATALOG_COMPILER_APPICON_NAME = AppIcon;
				CODE_SIGN_STYLE = Automatic;
				DEVELOPMENT_TEAM = E255S56V67;
				INFOPLIST_FILE = FitPals/Info.plist;
				LD_RUNPATH_SEARCH_PATHS = (
					"$(inherited)",
					"@executable_path/Frameworks",
				);
				PRODUCT_BUNDLE_IDENTIFIER = edu.sandiego.FitPals;
				PRODUCT_NAME = "$(TARGET_NAME)";
				SWIFT_VERSION = 4.0;
				TARGETED_DEVICE_FAMILY = "1,2";
			};
			name = Release;
		};
		725FD3B9208152DB001F0337 /* Debug */ = {
			isa = XCBuildConfiguration;
			baseConfigurationReference = 83626786B005C8FA74DB8081 /* Pods-FitPalsTests.debug.xcconfig */;
			buildSettings = {
				ALWAYS_EMBED_SWIFT_STANDARD_LIBRARIES = YES;
				BUNDLE_LOADER = "$(TEST_HOST)";
				CODE_SIGN_STYLE = Automatic;
				DEVELOPMENT_TEAM = E255S56V67;
				INFOPLIST_FILE = FitPalsTests/Info.plist;
				LD_RUNPATH_SEARCH_PATHS = (
					"$(inherited)",
					"@executable_path/Frameworks",
					"@loader_path/Frameworks",
				);
				PRODUCT_BUNDLE_IDENTIFIER = edu.sandiego.FitPalsTests;
				PRODUCT_NAME = "$(TARGET_NAME)";
				SWIFT_VERSION = 4.0;
				TARGETED_DEVICE_FAMILY = "1,2";
				TEST_HOST = "$(BUILT_PRODUCTS_DIR)/FitPals.app/FitPals";
			};
			name = Debug;
		};
		725FD3BA208152DB001F0337 /* Release */ = {
			isa = XCBuildConfiguration;
			baseConfigurationReference = C014FAE07FDA541679013BCD /* Pods-FitPalsTests.release.xcconfig */;
			buildSettings = {
				ALWAYS_EMBED_SWIFT_STANDARD_LIBRARIES = YES;
				BUNDLE_LOADER = "$(TEST_HOST)";
				CODE_SIGN_STYLE = Automatic;
				DEVELOPMENT_TEAM = E255S56V67;
				INFOPLIST_FILE = FitPalsTests/Info.plist;
				LD_RUNPATH_SEARCH_PATHS = (
					"$(inherited)",
					"@executable_path/Frameworks",
					"@loader_path/Frameworks",
				);
				PRODUCT_BUNDLE_IDENTIFIER = edu.sandiego.FitPalsTests;
				PRODUCT_NAME = "$(TARGET_NAME)";
				SWIFT_VERSION = 4.0;
				TARGETED_DEVICE_FAMILY = "1,2";
				TEST_HOST = "$(BUILT_PRODUCTS_DIR)/FitPals.app/FitPals";
			};
			name = Release;
		};
		725FD3BC208152DB001F0337 /* Debug */ = {
			isa = XCBuildConfiguration;
			baseConfigurationReference = F6012AE9C82F549EFB76F545 /* Pods-FitPalsUITests.debug.xcconfig */;
			buildSettings = {
				ALWAYS_EMBED_SWIFT_STANDARD_LIBRARIES = YES;
				CODE_SIGN_STYLE = Automatic;
				DEVELOPMENT_TEAM = E255S56V67;
				INFOPLIST_FILE = FitPalsUITests/Info.plist;
				LD_RUNPATH_SEARCH_PATHS = (
					"$(inherited)",
					"@executable_path/Frameworks",
					"@loader_path/Frameworks",
				);
				PRODUCT_BUNDLE_IDENTIFIER = edu.sandiego.FitPalsUITests;
				PRODUCT_NAME = "$(TARGET_NAME)";
				SWIFT_VERSION = 4.0;
				TARGETED_DEVICE_FAMILY = "1,2";
				TEST_TARGET_NAME = FitPals;
			};
			name = Debug;
		};
		725FD3BD208152DB001F0337 /* Release */ = {
			isa = XCBuildConfiguration;
			baseConfigurationReference = 8039330BBBFD1CE644FD9C0E /* Pods-FitPalsUITests.release.xcconfig */;
			buildSettings = {
				ALWAYS_EMBED_SWIFT_STANDARD_LIBRARIES = YES;
				CODE_SIGN_STYLE = Automatic;
				DEVELOPMENT_TEAM = E255S56V67;
				INFOPLIST_FILE = FitPalsUITests/Info.plist;
				LD_RUNPATH_SEARCH_PATHS = (
					"$(inherited)",
					"@executable_path/Frameworks",
					"@loader_path/Frameworks",
				);
				PRODUCT_BUNDLE_IDENTIFIER = edu.sandiego.FitPalsUITests;
				PRODUCT_NAME = "$(TARGET_NAME)";
				SWIFT_VERSION = 4.0;
				TARGETED_DEVICE_FAMILY = "1,2";
				TEST_TARGET_NAME = FitPals;
			};
			name = Release;
		};
/* End XCBuildConfiguration section */

/* Begin XCConfigurationList section */
		725FD388208152D8001F0337 /* Build configuration list for PBXProject "FitPals" */ = {
			isa = XCConfigurationList;
			buildConfigurations = (
				725FD3B3208152DB001F0337 /* Debug */,
				725FD3B4208152DB001F0337 /* Release */,
			);
			defaultConfigurationIsVisible = 0;
			defaultConfigurationName = Release;
		};
		725FD3B5208152DB001F0337 /* Build configuration list for PBXNativeTarget "FitPals" */ = {
			isa = XCConfigurationList;
			buildConfigurations = (
				725FD3B6208152DB001F0337 /* Debug */,
				725FD3B7208152DB001F0337 /* Release */,
			);
			defaultConfigurationIsVisible = 0;
			defaultConfigurationName = Release;
		};
		725FD3B8208152DB001F0337 /* Build configuration list for PBXNativeTarget "FitPalsTests" */ = {
			isa = XCConfigurationList;
			buildConfigurations = (
				725FD3B9208152DB001F0337 /* Debug */,
				725FD3BA208152DB001F0337 /* Release */,
			);
			defaultConfigurationIsVisible = 0;
			defaultConfigurationName = Release;
		};
		725FD3BB208152DB001F0337 /* Build configuration list for PBXNativeTarget "FitPalsUITests" */ = {
			isa = XCConfigurationList;
			buildConfigurations = (
				725FD3BC208152DB001F0337 /* Debug */,
				725FD3BD208152DB001F0337 /* Release */,
			);
			defaultConfigurationIsVisible = 0;
			defaultConfigurationName = Release;
		};
/* End XCConfigurationList section */
	};
	rootObject = 725FD385208152D8001F0337 /* Project object */;
}
